
Microsoft Visual Studio Solution File, Format Version 12.00
# Visual Studio Version 17
VisualStudioVersion = 17.2.32505.173
MinimumVisualStudioVersion = 10.0.40219.1
Project("{FAE04EC0-301F-11D3-BF4B-00C04F79EFBC}") = "BugTrackerByBenci", "BugTrackerByBenci\BugTrackerByBenci.csproj", "{88CC8D21-F7F3-4F9C-8BB9-CBC4509BB03D}"
EndProject
Global
	GlobalSection(SolutionConfigurationPlatforms) = preSolution
		Debug|Any CPU = Debug|Any CPU
		Release|Any CPU = Release|Any CPU
	EndGlobalSection
	GlobalSection(ProjectConfigurationPlatforms) = postSolution
		{88CC8D21-F7F3-4F9C-8BB9-CBC4509BB03D}.Debug|Any CPU.ActiveCfg = Debug|Any CPU
		{88CC8D21-F7F3-4F9C-8BB9-CBC4509BB03D}.Debug|Any CPU.Build.0 = Debug|Any CPU
		{88CC8D21-F7F3-4F9C-8BB9-CBC4509BB03D}.Release|Any CPU.ActiveCfg = Release|Any CPU
		{88CC8D21-F7F3-4F9C-8BB9-CBC4509BB03D}.Release|Any CPU.Build.0 = Release|Any CPU
	EndGlobalSection
	GlobalSection(SolutionProperties) = preSolution
		HideSolutionNode = FALSE
	EndGlobalSection
	GlobalSection(ExtensibilityGlobals) = postSolution
		SolutionGuid = {CDB0A0FF-1D87-45F1-98CB-F4111EE42D5C}
	EndGlobalSection
EndGlobal
